
Microsoft Visual Studio Solution File, Format Version 12.00
# Visual Studio 15
Project("{FAE04EC0-301F-11D3-BF4B-00C04F79EFBC}") = "UnityEngine.TestRunner", "UnityEngine.TestRunner.csproj", "{A17675AA-B1C4-B847-BFF0-7330AA7C3B78}"
EndProject
Project("{FAE04EC0-301F-11D3-BF4B-00C04F79EFBC}") = "Unity.Mathematics", "Unity.Mathematics.csproj", "{B815F171-1421-B1A7-B328-9242F727D356}"
EndProject
Project("{FAE04EC0-301F-11D3-BF4B-00C04F79EFBC}") = "Unity.2D.Animation.Triangle.Runtime", "Unity.2D.Animation.Triangle.Runtime.csproj", "{BB7A7AD1-4682-2876-6A09-73A9C10C27F9}"
EndProject
Project("{FAE04EC0-301F-11D3-BF4B-00C04F79EFBC}") = "Unity.Timeline", "Unity.Timeline.csproj", "{61D015F4-2BE2-91F2-4EC9-A7940F4AE5C3}"
EndProject
Project("{FAE04EC0-301F-11D3-BF4B-00C04F79EFBC}") = "UnityEngine.UI", "UnityEngine.UI.csproj", "{BDFF918C-62D1-1C69-8E5C-23D9D29232C4}"
EndProject
Project("{FAE04EC0-301F-11D3-BF4B-00C04F79EFBC}") = "Cinemachine", "Cinemachine.csproj", "{0E706AFB-BF99-EF38-E319-B19251B19A8F}"
EndProject
Project("{FAE04EC0-301F-11D3-BF4B-00C04F79EFBC}") = "Unity.TextMeshPro", "Unity.TextMeshPro.csproj", "{AD213FB3-5EAD-36A5-2146-18A1A8753A24}"
EndProject
Project("{FAE04EC0-301F-11D3-BF4B-00C04F79EFBC}") = "Unity.2D.Animation.Runtime", "Unity.2D.Animation.Runtime.csproj", "{02276E4B-FF65-B6F8-AB60-763D8DF18ED1}"
EndProject
Project("{FAE04EC0-301F-11D3-BF4B-00C04F79EFBC}") = "Assembly-CSharp", "Assembly-CSharp.csproj", "{E832B199-A99C-E81E-4F8D-9C9210B50505}"
EndProject
Project("{FAE04EC0-301F-11D3-BF4B-00C04F79EFBC}") = "Unity.2D.IK.Runtime", "Unity.2D.IK.Runtime.csproj", "{1E52FFB1-DE81-55CF-9B38-1327E72CBFA6}"
EndProject
Project("{FAE04EC0-301F-11D3-BF4B-00C04F79EFBC}") = "Unity.2D.SpriteShape.Runtime", "Unity.2D.SpriteShape.Runtime.csproj", "{E79DB766-DA6B-E110-18BA-339DD28D49B7}"
EndProject
Project("{FAE04EC0-301F-11D3-BF4B-00C04F79EFBC}") = "Unity.2D.PixelPerfect", "Unity.2D.PixelPerfect.csproj", "{E323A895-52D9-9C1F-1508-816046635113}"
EndProject
Project("{FAE04EC0-301F-11D3-BF4B-00C04F79EFBC}") = "Unity.2D.Common.Runtime", "Unity.2D.Common.Runtime.csproj", "{781D2769-DF89-7FC1-18DF-B09C1FA094CA}"
EndProject
Project("{FAE04EC0-301F-11D3-BF4B-00C04F79EFBC}") = "Unity.InternalAPIEngineBridge.001", "Unity.InternalAPIEngineBridge.001.csproj", "{0CDE8FF7-B259-6BDA-8EB4-DAED60A14786}"
EndProject
Project("{FAE04EC0-301F-11D3-BF4B-00C04F79EFBC}") = "UnityEditor.TestRunner", "UnityEditor.TestRunner.csproj", "{AB2FDC86-DE17-7957-9DD2-37A9CC0B06DF}"
EndProject
Project("{FAE04EC0-301F-11D3-BF4B-00C04F79EFBC}") = "UnityEditor.UI", "UnityEditor.UI.csproj", "{87FC611C-2308-74E0-4B13-4C600B999BBC}"
EndProject
Project("{FAE04EC0-301F-11D3-BF4B-00C04F79EFBC}") = "Unity.Timeline.Editor", "Unity.Timeline.Editor.csproj", "{7D1D72EB-8961-FBF8-B27A-D27468BAC22E}"
EndProject
Project("{FAE04EC0-301F-11D3-BF4B-00C04F79EFBC}") = "Unity.VisualStudio.Editor", "Unity.VisualStudio.Editor.csproj", "{8A77D497-72F7-D98D-3871-C8150186E040}"
EndProject
Project("{FAE04EC0-301F-11D3-BF4B-00C04F79EFBC}") = "com.unity.cinemachine.editor", "com.unity.cinemachine.editor.csproj", "{BFC852E9-FA93-B4A8-E432-D1EB448F09CD}"
EndProject
Project("{FAE04EC0-301F-11D3-BF4B-00C04F79EFBC}") = "Unity.2D.Psdimporter.Editor", "Unity.2D.Psdimporter.Editor.csproj", "{E703ED39-D7E2-DBCD-C50B-4AD43612370F}"
EndProject
Project("{FAE04EC0-301F-11D3-BF4B-00C04F79EFBC}") = "Unity.2D.Animation.Editor", "Unity.2D.Animation.Editor.csproj", "{94C1D548-125E-B324-389D-029F65B5C565}"
EndProject
Project("{FAE04EC0-301F-11D3-BF4B-00C04F79EFBC}") = "Unity.TextMeshPro.Editor", "Unity.TextMeshPro.Editor.csproj", "{C4C305BF-359A-6C67-7B4B-B22B11287E5D}"
EndProject
Project("{FAE04EC0-301F-11D3-BF4B-00C04F79EFBC}") = "Unity.2D.SpriteShape.Editor", "Unity.2D.SpriteShape.Editor.csproj", "{80788519-F94B-D946-97A3-3A5F8C22EF20}"
EndProject
Project("{FAE04EC0-301F-11D3-BF4B-00C04F79EFBC}") = "Unity.CollabProxy.Editor", "Unity.CollabProxy.Editor.csproj", "{238FB234-0A99-73FF-D30E-BFFCCA0E61E7}"
EndProject
Project("{FAE04EC0-301F-11D3-BF4B-00C04F79EFBC}") = "PsdPlugin", "PsdPlugin.csproj", "{CCBAA112-1BE1-8837-72D4-4E1D9FC8FE3E}"
EndProject
Project("{FAE04EC0-301F-11D3-BF4B-00C04F79EFBC}") = "Unity.2D.Path.Editor", "Unity.2D.Path.Editor.csproj", "{B2A5C788-E4AD-0910-B695-509B65447893}"
EndProject
Project("{FAE04EC0-301F-11D3-BF4B-00C04F79EFBC}") = "Unity.Rider.Editor", "Unity.Rider.Editor.csproj", "{93A77DCC-FB97-0AAB-FCDA-6CA3A3BB9F81}"
EndProject
Project("{FAE04EC0-301F-11D3-BF4B-00C04F79EFBC}") = "Unity.2D.IK.Editor", "Unity.2D.IK.Editor.csproj", "{CB8CA679-97CE-48E8-F667-C082E26808E2}"
EndProject
Project("{FAE04EC0-301F-11D3-BF4B-00C04F79EFBC}") = "Unity.2D.Sprite.Editor", "Unity.2D.Sprite.Editor.csproj", "{462E4D87-FA0C-55E3-7A5F-92B4E11E8CAA}"
EndProject
Project("{FAE04EC0-301F-11D3-BF4B-00C04F79EFBC}") = "Unity.2D.Tilemap.Editor", "Unity.2D.Tilemap.Editor.csproj", "{585EE03E-0B60-B902-CFD5-6CE8163AFD06}"
EndProject
Project("{FAE04EC0-301F-11D3-BF4B-00C04F79EFBC}") = "Unity.2D.PixelPerfect.Editor", "Unity.2D.PixelPerfect.Editor.csproj", "{0DE5DE53-DF27-5C9C-BDDB-AF01C902FEC9}"
EndProject
Project("{FAE04EC0-301F-11D3-BF4B-00C04F79EFBC}") = "Unity.VSCode.Editor", "Unity.VSCode.Editor.csproj", "{D22F6FDC-4DD6-BE16-35D9-9F6D8B69F83F}"
EndProject
Project("{FAE04EC0-301F-11D3-BF4B-00C04F79EFBC}") = "Unity.2D.Common.Editor", "Unity.2D.Common.Editor.csproj", "{DBE6BD5D-6CF3-C525-7E7B-A2AB569E904F}"
EndProject
Project("{FAE04EC0-301F-11D3-BF4B-00C04F79EFBC}") = "Unity.Mathematics.Editor", "Unity.Mathematics.Editor.csproj", "{6C3B2CDA-36CE-AC2B-F804-0307DB51D8CB}"
EndProject
Project("{FAE04EC0-301F-11D3-BF4B-00C04F79EFBC}") = "Unity.InternalAPIEditorBridge.001", "Unity.InternalAPIEditorBridge.001.csproj", "{2782DC31-7D03-0241-9449-5027AEC09F64}"
EndProject
Project("{FAE04EC0-301F-11D3-BF4B-00C04F79EFBC}") = "UnityEngine.TestRunner", "UnityEngine.TestRunner.Player.csproj", "{6AC687BA-98E0-B71C-2339-84F859CE878F}"
EndProject
Project("{FAE04EC0-301F-11D3-BF4B-00C04F79EFBC}") = "Unity.Mathematics", "Unity.Mathematics.Player.csproj", "{BEFCD579-628F-2B38-3233-6A88A8B7D2B0}"
EndProject
Project("{FAE04EC0-301F-11D3-BF4B-00C04F79EFBC}") = "Unity.2D.Animation.Triangle.Runtime", "Unity.2D.Animation.Triangle.Runtime.Player.csproj", "{14294922-E6A5-C64B-9533-6C16B2A51FCA}"
EndProject
Project("{FAE04EC0-301F-11D3-BF4B-00C04F79EFBC}") = "Unity.Timeline", "Unity.Timeline.Player.csproj", "{1EBEACEF-593C-F831-47A7-98AB20DF0A1B}"
EndProject
Project("{FAE04EC0-301F-11D3-BF4B-00C04F79EFBC}") = "UnityEngine.UI", "UnityEngine.UI.Player.csproj", "{798D43C2-FF22-39A0-1B91-31DFDD161360}"
EndProject
Project("{FAE04EC0-301F-11D3-BF4B-00C04F79EFBC}") = "Cinemachine", "Cinemachine.Player.csproj", "{C9055529-F67E-7D8B-462B-74A3F71AE742}"
EndProject
Project("{FAE04EC0-301F-11D3-BF4B-00C04F79EFBC}") = "Unity.TextMeshPro", "Unity.TextMeshPro.Player.csproj", "{21C6DA38-E4AF-2EE6-8F9F-32A4EC06D0EB}"
EndProject
Project("{FAE04EC0-301F-11D3-BF4B-00C04F79EFBC}") = "Unity.2D.Animation.Runtime", "Unity.2D.Animation.Runtime.Player.csproj", "{A63420E5-A10C-9879-1D21-7DA5B541F545}"
EndProject
Project("{FAE04EC0-301F-11D3-BF4B-00C04F79EFBC}") = "Assembly-CSharp", "Assembly-CSharp.Player.csproj", "{8005CAA7-0949-CDE5-7F42-D1976604B3F8}"
EndProject
Project("{FAE04EC0-301F-11D3-BF4B-00C04F79EFBC}") = "Unity.2D.IK.Runtime", "Unity.2D.IK.Runtime.Player.csproj", "{9A90E592-D906-775E-F14F-0AD652FDD522}"
EndProject
Project("{FAE04EC0-301F-11D3-BF4B-00C04F79EFBC}") = "Unity.2D.SpriteShape.Runtime", "Unity.2D.SpriteShape.Runtime.Player.csproj", "{FEEEAAAB-400F-CD84-94EE-D1525CCAD682}"
EndProject
Project("{FAE04EC0-301F-11D3-BF4B-00C04F79EFBC}") = "Unity.2D.PixelPerfect", "Unity.2D.PixelPerfect.Player.csproj", "{5EAF4344-11DA-57EE-A194-0CE51BB9328F}"
EndProject
Project("{FAE04EC0-301F-11D3-BF4B-00C04F79EFBC}") = "Unity.2D.Common.Runtime", "Unity.2D.Common.Runtime.Player.csproj", "{733CC9CB-848C-4629-6B37-71C9F61E5FA1}"
EndProject
Project("{FAE04EC0-301F-11D3-BF4B-00C04F79EFBC}") = "Unity.InternalAPIEngineBridge.001", "Unity.InternalAPIEngineBridge.001.Player.csproj", "{A7CC001C-E966-6C63-069B-9F9CBB41BFE0}"
EndProject
Global
	GlobalSection(SolutionConfigurationPlatforms) = preSolution
		Debug|Any CPU = Debug|Any CPU
		Release|Any CPU = Release|Any CPU
	EndGlobalSection
	GlobalSection(ProjectConfigurationPlatforms) = postSolution
		{A17675AA-B1C4-B847-BFF0-7330AA7C3B78}.Debug|Any CPU.ActiveCfg = Debug|Any CPU
		{A17675AA-B1C4-B847-BFF0-7330AA7C3B78}.Debug|Any CPU.Build.0 = Debug|Any CPU
		{A17675AA-B1C4-B847-BFF0-7330AA7C3B78}.Release|Any CPU.ActiveCfg = Release|Any CPU
		{A17675AA-B1C4-B847-BFF0-7330AA7C3B78}.Release|Any CPU.Build.0 = Release|Any CPU
		{B815F171-1421-B1A7-B328-9242F727D356}.Debug|Any CPU.ActiveCfg = Debug|Any CPU
		{B815F171-1421-B1A7-B328-9242F727D356}.Debug|Any CPU.Build.0 = Debug|Any CPU
		{B815F171-1421-B1A7-B328-9242F727D356}.Release|Any CPU.ActiveCfg = Release|Any CPU
		{B815F171-1421-B1A7-B328-9242F727D356}.Release|Any CPU.Build.0 = Release|Any CPU
		{BB7A7AD1-4682-2876-6A09-73A9C10C27F9}.Debug|Any CPU.ActiveCfg = Debug|Any CPU
		{BB7A7AD1-4682-2876-6A09-73A9C10C27F9}.Debug|Any CPU.Build.0 = Debug|Any CPU
		{BB7A7AD1-4682-2876-6A09-73A9C10C27F9}.Release|Any CPU.ActiveCfg = Release|Any CPU
		{BB7A7AD1-4682-2876-6A09-73A9C10C27F9}.Release|Any CPU.Build.0 = Release|Any CPU
		{61D015F4-2BE2-91F2-4EC9-A7940F4AE5C3}.Debug|Any CPU.ActiveCfg = Debug|Any CPU
		{61D015F4-2BE2-91F2-4EC9-A7940F4AE5C3}.Debug|Any CPU.Build.0 = Debug|Any CPU
		{61D015F4-2BE2-91F2-4EC9-A7940F4AE5C3}.Release|Any CPU.ActiveCfg = Release|Any CPU
		{61D015F4-2BE2-91F2-4EC9-A7940F4AE5C3}.Release|Any CPU.Build.0 = Release|Any CPU
		{BDFF918C-62D1-1C69-8E5C-23D9D29232C4}.Debug|Any CPU.ActiveCfg = Debug|Any CPU
		{BDFF918C-62D1-1C69-8E5C-23D9D29232C4}.Debug|Any CPU.Build.0 = Debug|Any CPU
		{BDFF918C-62D1-1C69-8E5C-23D9D29232C4}.Release|Any CPU.ActiveCfg = Release|Any CPU
		{BDFF918C-62D1-1C69-8E5C-23D9D29232C4}.Release|Any CPU.Build.0 = Release|Any CPU
		{0E706AFB-BF99-EF38-E319-B19251B19A8F}.Debug|Any CPU.ActiveCfg = Debug|Any CPU
		{0E706AFB-BF99-EF38-E319-B19251B19A8F}.Debug|Any CPU.Build.0 = Debug|Any CPU
		{0E706AFB-BF99-EF38-E319-B19251B19A8F}.Release|Any CPU.ActiveCfg = Release|Any CPU
		{0E706AFB-BF99-EF38-E319-B19251B19A8F}.Release|Any CPU.Build.0 = Release|Any CPU
		{AD213FB3-5EAD-36A5-2146-18A1A8753A24}.Debug|Any CPU.ActiveCfg = Debug|Any CPU
		{AD213FB3-5EAD-36A5-2146-18A1A8753A24}.Debug|Any CPU.Build.0 = Debug|Any CPU
		{AD213FB3-5EAD-36A5-2146-18A1A8753A24}.Release|Any CPU.ActiveCfg = Release|Any CPU
		{AD213FB3-5EAD-36A5-2146-18A1A8753A24}.Release|Any CPU.Build.0 = Release|Any CPU
		{02276E4B-FF65-B6F8-AB60-763D8DF18ED1}.Debug|Any CPU.ActiveCfg = Debug|Any CPU
		{02276E4B-FF65-B6F8-AB60-763D8DF18ED1}.Debug|Any CPU.Build.0 = Debug|Any CPU
		{02276E4B-FF65-B6F8-AB60-763D8DF18ED1}.Release|Any CPU.ActiveCfg = Release|Any CPU
		{02276E4B-FF65-B6F8-AB60-763D8DF18ED1}.Release|Any CPU.Build.0 = Release|Any CPU
		{E832B199-A99C-E81E-4F8D-9C9210B50505}.Debug|Any CPU.ActiveCfg = Debug|Any CPU
		{E832B199-A99C-E81E-4F8D-9C9210B50505}.Debug|Any CPU.Build.0 = Debug|Any CPU
		{E832B199-A99C-E81E-4F8D-9C9210B50505}.Release|Any CPU.ActiveCfg = Release|Any CPU
		{E832B199-A99C-E81E-4F8D-9C9210B50505}.Release|Any CPU.Build.0 = Release|Any CPU
		{1E52FFB1-DE81-55CF-9B38-1327E72CBFA6}.Debug|Any CPU.ActiveCfg = Debug|Any CPU
		{1E52FFB1-DE81-55CF-9B38-1327E72CBFA6}.Debug|Any CPU.Build.0 = Debug|Any CPU
		{1E52FFB1-DE81-55CF-9B38-1327E72CBFA6}.Release|Any CPU.ActiveCfg = Release|Any CPU
		{1E52FFB1-DE81-55CF-9B38-1327E72CBFA6}.Release|Any CPU.Build.0 = Release|Any CPU
		{E79DB766-DA6B-E110-18BA-339DD28D49B7}.Debug|Any CPU.ActiveCfg = Debug|Any CPU
		{E79DB766-DA6B-E110-18BA-339DD28D49B7}.Debug|Any CPU.Build.0 = Debug|Any CPU
		{E79DB766-DA6B-E110-18BA-339DD28D49B7}.Release|Any CPU.ActiveCfg = Release|Any CPU
		{E79DB766-DA6B-E110-18BA-339DD28D49B7}.Release|Any CPU.Build.0 = Release|Any CPU
		{E323A895-52D9-9C1F-1508-816046635113}.Debug|Any CPU.ActiveCfg = Debug|Any CPU
		{E323A895-52D9-9C1F-1508-816046635113}.Debug|Any CPU.Build.0 = Debug|Any CPU
		{E323A895-52D9-9C1F-1508-816046635113}.Release|Any CPU.ActiveCfg = Release|Any CPU
		{E323A895-52D9-9C1F-1508-816046635113}.Release|Any CPU.Build.0 = Release|Any CPU
		{781D2769-DF89-7FC1-18DF-B09C1FA094CA}.Debug|Any CPU.ActiveCfg = Debug|Any CPU
		{781D2769-DF89-7FC1-18DF-B09C1FA094CA}.Debug|Any CPU.Build.0 = Debug|Any CPU
		{781D2769-DF89-7FC1-18DF-B09C1FA094CA}.Release|Any CPU.ActiveCfg = Release|Any CPU
		{781D2769-DF89-7FC1-18DF-B09C1FA094CA}.Release|Any CPU.Build.0 = Release|Any CPU
		{0CDE8FF7-B259-6BDA-8EB4-DAED60A14786}.Debug|Any CPU.ActiveCfg = Debug|Any CPU
		{0CDE8FF7-B259-6BDA-8EB4-DAED60A14786}.Debug|Any CPU.Build.0 = Debug|Any CPU
		{0CDE8FF7-B259-6BDA-8EB4-DAED60A14786}.Release|Any CPU.ActiveCfg = Release|Any CPU
		{0CDE8FF7-B259-6BDA-8EB4-DAED60A14786}.Release|Any CPU.Build.0 = Release|Any CPU
		{AB2FDC86-DE17-7957-9DD2-37A9CC0B06DF}.Debug|Any CPU.ActiveCfg = Debug|Any CPU
		{AB2FDC86-DE17-7957-9DD2-37A9CC0B06DF}.Debug|Any CPU.Build.0 = Debug|Any CPU
		{AB2FDC86-DE17-7957-9DD2-37A9CC0B06DF}.Release|Any CPU.ActiveCfg = Release|Any CPU
		{AB2FDC86-DE17-7957-9DD2-37A9CC0B06DF}.Release|Any CPU.Build.0 = Release|Any CPU
		{87FC611C-2308-74E0-4B13-4C600B999BBC}.Debug|Any CPU.ActiveCfg = Debug|Any CPU
		{87FC611C-2308-74E0-4B13-4C600B999BBC}.Debug|Any CPU.Build.0 = Debug|Any CPU
		{87FC611C-2308-74E0-4B13-4C600B999BBC}.Release|Any CPU.ActiveCfg = Release|Any CPU
		{87FC611C-2308-74E0-4B13-4C600B999BBC}.Release|Any CPU.Build.0 = Release|Any CPU
		{7D1D72EB-8961-FBF8-B27A-D27468BAC22E}.Debug|Any CPU.ActiveCfg = Debug|Any CPU
		{7D1D72EB-8961-FBF8-B27A-D27468BAC22E}.Debug|Any CPU.Build.0 = Debug|Any CPU
		{7D1D72EB-8961-FBF8-B27A-D27468BAC22E}.Release|Any CPU.ActiveCfg = Release|Any CPU
		{7D1D72EB-8961-FBF8-B27A-D27468BAC22E}.Release|Any CPU.Build.0 = Release|Any CPU
		{8A77D497-72F7-D98D-3871-C8150186E040}.Debug|Any CPU.ActiveCfg = Debug|Any CPU
		{8A77D497-72F7-D98D-3871-C8150186E040}.Debug|Any CPU.Build.0 = Debug|Any CPU
		{8A77D497-72F7-D98D-3871-C8150186E040}.Release|Any CPU.ActiveCfg = Release|Any CPU
		{8A77D497-72F7-D98D-3871-C8150186E040}.Release|Any CPU.Build.0 = Release|Any CPU
		{BFC852E9-FA93-B4A8-E432-D1EB448F09CD}.Debug|Any CPU.ActiveCfg = Debug|Any CPU
		{BFC852E9-FA93-B4A8-E432-D1EB448F09CD}.Debug|Any CPU.Build.0 = Debug|Any CPU
		{BFC852E9-FA93-B4A8-E432-D1EB448F09CD}.Release|Any CPU.ActiveCfg = Release|Any CPU
		{BFC852E9-FA93-B4A8-E432-D1EB448F09CD}.Release|Any CPU.Build.0 = Release|Any CPU
		{E703ED39-D7E2-DBCD-C50B-4AD43612370F}.Debug|Any CPU.ActiveCfg = Debug|Any CPU
		{E703ED39-D7E2-DBCD-C50B-4AD43612370F}.Debug|Any CPU.Build.0 = Debug|Any CPU
		{E703ED39-D7E2-DBCD-C50B-4AD43612370F}.Release|Any CPU.ActiveCfg = Release|Any CPU
		{E703ED39-D7E2-DBCD-C50B-4AD43612370F}.Release|Any CPU.Build.0 = Release|Any CPU
		{94C1D548-125E-B324-389D-029F65B5C565}.Debug|Any CPU.ActiveCfg = Debug|Any CPU
		{94C1D548-125E-B324-389D-029F65B5C565}.Debug|Any CPU.Build.0 = Debug|Any CPU
		{94C1D548-125E-B324-389D-029F65B5C565}.Release|Any CPU.ActiveCfg = Release|Any CPU
		{94C1D548-125E-B324-389D-029F65B5C565}.Release|Any CPU.Build.0 = Release|Any CPU
		{C4C305BF-359A-6C67-7B4B-B22B11287E5D}.Debug|Any CPU.ActiveCfg = Debug|Any CPU
		{C4C305BF-359A-6C67-7B4B-B22B11287E5D}.Debug|Any CPU.Build.0 = Debug|Any CPU
		{C4C305BF-359A-6C67-7B4B-B22B11287E5D}.Release|Any CPU.ActiveCfg = Release|Any CPU
		{C4C305BF-359A-6C67-7B4B-B22B11287E5D}.Release|Any CPU.Build.0 = Release|Any CPU
		{80788519-F94B-D946-97A3-3A5F8C22EF20}.Debug|Any CPU.ActiveCfg = Debug|Any CPU
		{80788519-F94B-D946-97A3-3A5F8C22EF20}.Debug|Any CPU.Build.0 = Debug|Any CPU
		{80788519-F94B-D946-97A3-3A5F8C22EF20}.Release|Any CPU.ActiveCfg = Release|Any CPU
		{80788519-F94B-D946-97A3-3A5F8C22EF20}.Release|Any CPU.Build.0 = Release|Any CPU
		{238FB234-0A99-73FF-D30E-BFFCCA0E61E7}.Debug|Any CPU.ActiveCfg = Debug|Any CPU
		{238FB234-0A99-73FF-D30E-BFFCCA0E61E7}.Debug|Any CPU.Build.0 = Debug|Any CPU
		{238FB234-0A99-73FF-D30E-BFFCCA0E61E7}.Release|Any CPU.ActiveCfg = Release|Any CPU
		{238FB234-0A99-73FF-D30E-BFFCCA0E61E7}.Release|Any CPU.Build.0 = Release|Any CPU
		{CCBAA112-1BE1-8837-72D4-4E1D9FC8FE3E}.Debug|Any CPU.ActiveCfg = Debug|Any CPU
		{CCBAA112-1BE1-8837-72D4-4E1D9FC8FE3E}.Debug|Any CPU.Build.0 = Debug|Any CPU
		{CCBAA112-1BE1-8837-72D4-4E1D9FC8FE3E}.Release|Any CPU.ActiveCfg = Release|Any CPU
		{CCBAA112-1BE1-8837-72D4-4E1D9FC8FE3E}.Release|Any CPU.Build.0 = Release|Any CPU
		{B2A5C788-E4AD-0910-B695-509B65447893}.Debug|Any CPU.ActiveCfg = Debug|Any CPU
		{B2A5C788-E4AD-0910-B695-509B65447893}.Debug|Any CPU.Build.0 = Debug|Any CPU
		{B2A5C788-E4AD-0910-B695-509B65447893}.Release|Any CPU.ActiveCfg = Release|Any CPU
		{B2A5C788-E4AD-0910-B695-509B65447893}.Release|Any CPU.Build.0 = Release|Any CPU
		{93A77DCC-FB97-0AAB-FCDA-6CA3A3BB9F81}.Debug|Any CPU.ActiveCfg = Debug|Any CPU
		{93A77DCC-FB97-0AAB-FCDA-6CA3A3BB9F81}.Debug|Any CPU.Build.0 = Debug|Any CPU
		{93A77DCC-FB97-0AAB-FCDA-6CA3A3BB9F81}.Release|Any CPU.ActiveCfg = Release|Any CPU
		{93A77DCC-FB97-0AAB-FCDA-6CA3A3BB9F81}.Release|Any CPU.Build.0 = Release|Any CPU
		{CB8CA679-97CE-48E8-F667-C082E26808E2}.Debug|Any CPU.ActiveCfg = Debug|Any CPU
		{CB8CA679-97CE-48E8-F667-C082E26808E2}.Debug|Any CPU.Build.0 = Debug|Any CPU
		{CB8CA679-97CE-48E8-F667-C082E26808E2}.Release|Any CPU.ActiveCfg = Release|Any CPU
		{CB8CA679-97CE-48E8-F667-C082E26808E2}.Release|Any CPU.Build.0 = Release|Any CPU
		{462E4D87-FA0C-55E3-7A5F-92B4E11E8CAA}.Debug|Any CPU.ActiveCfg = Debug|Any CPU
		{462E4D87-FA0C-55E3-7A5F-92B4E11E8CAA}.Debug|Any CPU.Build.0 = Debug|Any CPU
		{462E4D87-FA0C-55E3-7A5F-92B4E11E8CAA}.Release|Any CPU.ActiveCfg = Release|Any CPU
		{462E4D87-FA0C-55E3-7A5F-92B4E11E8CAA}.Release|Any CPU.Build.0 = Release|Any CPU
		{585EE03E-0B60-B902-CFD5-6CE8163AFD06}.Debug|Any CPU.ActiveCfg = Debug|Any CPU
		{585EE03E-0B60-B902-CFD5-6CE8163AFD06}.Debug|Any CPU.Build.0 = Debug|Any CPU
		{585EE03E-0B60-B902-CFD5-6CE8163AFD06}.Release|Any CPU.ActiveCfg = Release|Any CPU
		{585EE03E-0B60-B902-CFD5-6CE8163AFD06}.Release|Any CPU.Build.0 = Release|Any CPU
		{0DE5DE53-DF27-5C9C-BDDB-AF01C902FEC9}.Debug|Any CPU.ActiveCfg = Debug|Any CPU
		{0DE5DE53-DF27-5C9C-BDDB-AF01C902FEC9}.Debug|Any CPU.Build.0 = Debug|Any CPU
		{0DE5DE53-DF27-5C9C-BDDB-AF01C902FEC9}.Release|Any CPU.ActiveCfg = Release|Any CPU
		{0DE5DE53-DF27-5C9C-BDDB-AF01C902FEC9}.Release|Any CPU.Build.0 = Release|Any CPU
		{D22F6FDC-4DD6-BE16-35D9-9F6D8B69F83F}.Debug|Any CPU.ActiveCfg = Debug|Any CPU
		{D22F6FDC-4DD6-BE16-35D9-9F6D8B69F83F}.Debug|Any CPU.Build.0 = Debug|Any CPU
		{D22F6FDC-4DD6-BE16-35D9-9F6D8B69F83F}.Release|Any CPU.ActiveCfg = Release|Any CPU
		{D22F6FDC-4DD6-BE16-35D9-9F6D8B69F83F}.Release|Any CPU.Build.0 = Release|Any CPU
		{DBE6BD5D-6CF3-C525-7E7B-A2AB569E904F}.Debug|Any CPU.ActiveCfg = Debug|Any CPU
		{DBE6BD5D-6CF3-C525-7E7B-A2AB569E904F}.Debug|Any CPU.Build.0 = Debug|Any CPU
		{DBE6BD5D-6CF3-C525-7E7B-A2AB569E904F}.Release|Any CPU.ActiveCfg = Release|Any CPU
		{DBE6BD5D-6CF3-C525-7E7B-A2AB569E904F}.Release|Any CPU.Build.0 = Release|Any CPU
		{6C3B2CDA-36CE-AC2B-F804-0307DB51D8CB}.Debug|Any CPU.ActiveCfg = Debug|Any CPU
		{6C3B2CDA-36CE-AC2B-F804-0307DB51D8CB}.Debug|Any CPU.Build.0 = Debug|Any CPU
		{6C3B2CDA-36CE-AC2B-F804-0307DB51D8CB}.Release|Any CPU.ActiveCfg = Release|Any CPU
		{6C3B2CDA-36CE-AC2B-F804-0307DB51D8CB}.Release|Any CPU.Build.0 = Release|Any CPU
		{2782DC31-7D03-0241-9449-5027AEC09F64}.Debug|Any CPU.ActiveCfg = Debug|Any CPU
		{2782DC31-7D03-0241-9449-5027AEC09F64}.Debug|Any CPU.Build.0 = Debug|Any CPU
		{2782DC31-7D03-0241-9449-5027AEC09F64}.Release|Any CPU.ActiveCfg = Release|Any CPU
		{2782DC31-7D03-0241-9449-5027AEC09F64}.Release|Any CPU.Build.0 = Release|Any CPU
		{6AC687BA-98E0-B71C-2339-84F859CE878F}.Debug|Any CPU.ActiveCfg = Debug|Any CPU
		{6AC687BA-98E0-B71C-2339-84F859CE878F}.Debug|Any CPU.Build.0 = Debug|Any CPU
		{6AC687BA-98E0-B71C-2339-84F859CE878F}.Release|Any CPU.ActiveCfg = Release|Any CPU
		{6AC687BA-98E0-B71C-2339-84F859CE878F}.Release|Any CPU.Build.0 = Release|Any CPU
		{BEFCD579-628F-2B38-3233-6A88A8B7D2B0}.Debug|Any CPU.ActiveCfg = Debug|Any CPU
		{BEFCD579-628F-2B38-3233-6A88A8B7D2B0}.Debug|Any CPU.Build.0 = Debug|Any CPU
		{BEFCD579-628F-2B38-3233-6A88A8B7D2B0}.Release|Any CPU.ActiveCfg = Release|Any CPU
		{BEFCD579-628F-2B38-3233-6A88A8B7D2B0}.Release|Any CPU.Build.0 = Release|Any CPU
		{14294922-E6A5-C64B-9533-6C16B2A51FCA}.Debug|Any CPU.ActiveCfg = Debug|Any CPU
		{14294922-E6A5-C64B-9533-6C16B2A51FCA}.Debug|Any CPU.Build.0 = Debug|Any CPU
		{14294922-E6A5-C64B-9533-6C16B2A51FCA}.Release|Any CPU.ActiveCfg = Release|Any CPU
		{14294922-E6A5-C64B-9533-6C16B2A51FCA}.Release|Any CPU.Build.0 = Release|Any CPU
		{1EBEACEF-593C-F831-47A7-98AB20DF0A1B}.Debug|Any CPU.ActiveCfg = Debug|Any CPU
		{1EBEACEF-593C-F831-47A7-98AB20DF0A1B}.Debug|Any CPU.Build.0 = Debug|Any CPU
		{1EBEACEF-593C-F831-47A7-98AB20DF0A1B}.Release|Any CPU.ActiveCfg = Release|Any CPU
		{1EBEACEF-593C-F831-47A7-98AB20DF0A1B}.Release|Any CPU.Build.0 = Release|Any CPU
		{798D43C2-FF22-39A0-1B91-31DFDD161360}.Debug|Any CPU.ActiveCfg = Debug|Any CPU
		{798D43C2-FF22-39A0-1B91-31DFDD161360}.Debug|Any CPU.Build.0 = Debug|Any CPU
		{798D43C2-FF22-39A0-1B91-31DFDD161360}.Release|Any CPU.ActiveCfg = Release|Any CPU
		{798D43C2-FF22-39A0-1B91-31DFDD161360}.Release|Any CPU.Build.0 = Release|Any CPU
		{C9055529-F67E-7D8B-462B-74A3F71AE742}.Debug|Any CPU.ActiveCfg = Debug|Any CPU
		{C9055529-F67E-7D8B-462B-74A3F71AE742}.Debug|Any CPU.Build.0 = Debug|Any CPU
		{C9055529-F67E-7D8B-462B-74A3F71AE742}.Release|Any CPU.ActiveCfg = Release|Any CPU
		{C9055529-F67E-7D8B-462B-74A3F71AE742}.Release|Any CPU.Build.0 = Release|Any CPU
		{21C6DA38-E4AF-2EE6-8F9F-32A4EC06D0EB}.Debug|Any CPU.ActiveCfg = Debug|Any CPU
		{21C6DA38-E4AF-2EE6-8F9F-32A4EC06D0EB}.Debug|Any CPU.Build.0 = Debug|Any CPU
		{21C6DA38-E4AF-2EE6-8F9F-32A4EC06D0EB}.Release|Any CPU.ActiveCfg = Release|Any CPU
		{21C6DA38-E4AF-2EE6-8F9F-32A4EC06D0EB}.Release|Any CPU.Build.0 = Release|Any CPU
		{A63420E5-A10C-9879-1D21-7DA5B541F545}.Debug|Any CPU.ActiveCfg = Debug|Any CPU
		{A63420E5-A10C-9879-1D21-7DA5B541F545}.Debug|Any CPU.Build.0 = Debug|Any CPU
		{A63420E5-A10C-9879-1D21-7DA5B541F545}.Release|Any CPU.ActiveCfg = Release|Any CPU
		{A63420E5-A10C-9879-1D21-7DA5B541F545}.Release|Any CPU.Build.0 = Release|Any CPU
		{8005CAA7-0949-CDE5-7F42-D1976604B3F8}.Debug|Any CPU.ActiveCfg = Debug|Any CPU
		{8005CAA7-0949-CDE5-7F42-D1976604B3F8}.Debug|Any CPU.Build.0 = Debug|Any CPU
		{8005CAA7-0949-CDE5-7F42-D1976604B3F8}.Release|Any CPU.ActiveCfg = Release|Any CPU
		{8005CAA7-0949-CDE5-7F42-D1976604B3F8}.Release|Any CPU.Build.0 = Release|Any CPU
		{9A90E592-D906-775E-F14F-0AD652FDD522}.Debug|Any CPU.ActiveCfg = Debug|Any CPU
		{9A90E592-D906-775E-F14F-0AD652FDD522}.Debug|Any CPU.Build.0 = Debug|Any CPU
		{9A90E592-D906-775E-F14F-0AD652FDD522}.Release|Any CPU.ActiveCfg = Release|Any CPU
		{9A90E592-D906-775E-F14F-0AD652FDD522}.Release|Any CPU.Build.0 = Release|Any CPU
		{FEEEAAAB-400F-CD84-94EE-D1525CCAD682}.Debug|Any CPU.ActiveCfg = Debug|Any CPU
		{FEEEAAAB-400F-CD84-94EE-D1525CCAD682}.Debug|Any CPU.Build.0 = Debug|Any CPU
		{FEEEAAAB-400F-CD84-94EE-D1525CCAD682}.Release|Any CPU.ActiveCfg = Release|Any CPU
		{FEEEAAAB-400F-CD84-94EE-D1525CCAD682}.Release|Any CPU.Build.0 = Release|Any CPU
		{5EAF4344-11DA-57EE-A194-0CE51BB9328F}.Debug|Any CPU.ActiveCfg = Debug|Any CPU
		{5EAF4344-11DA-57EE-A194-0CE51BB9328F}.Debug|Any CPU.Build.0 = Debug|Any CPU
		{5EAF4344-11DA-57EE-A194-0CE51BB9328F}.Release|Any CPU.ActiveCfg = Release|Any CPU
		{5EAF4344-11DA-57EE-A194-0CE51BB9328F}.Release|Any CPU.Build.0 = Release|Any CPU
		{733CC9CB-848C-4629-6B37-71C9F61E5FA1}.Debug|Any CPU.ActiveCfg = Debug|Any CPU
		{733CC9CB-848C-4629-6B37-71C9F61E5FA1}.Debug|Any CPU.Build.0 = Debug|Any CPU
		{733CC9CB-848C-4629-6B37-71C9F61E5FA1}.Release|Any CPU.ActiveCfg = Release|Any CPU
		{733CC9CB-848C-4629-6B37-71C9F61E5FA1}.Release|Any CPU.Build.0 = Release|Any CPU
		{A7CC001C-E966-6C63-069B-9F9CBB41BFE0}.Debug|Any CPU.ActiveCfg = Debug|Any CPU
		{A7CC001C-E966-6C63-069B-9F9CBB41BFE0}.Debug|Any CPU.Build.0 = Debug|Any CPU
		{A7CC001C-E966-6C63-069B-9F9CBB41BFE0}.Release|Any CPU.ActiveCfg = Release|Any CPU
		{A7CC001C-E966-6C63-069B-9F9CBB41BFE0}.Release|Any CPU.Build.0 = Release|Any CPU
	EndGlobalSection
	GlobalSection(SolutionProperties) = preSolution
		HideSolutionNode = FALSE
	EndGlobalSection
EndGlobal
