
Microsoft Visual Studio Solution File, Format Version 12.00
# Visual Studio Version 16
VisualStudioVersion = 16.0.31605.320
MinimumVisualStudioVersion = 10.0.40219.1
Project("{FAE04EC0-301F-11D3-BF4B-00C04F79EFBC}") = "UnityEngine.TestRunner", "UnityEngine.TestRunner.csproj", "{3B2655CF-7FE2-0FCB-F224-ADA4B8AC0902}"
EndProject
Project("{FAE04EC0-301F-11D3-BF4B-00C04F79EFBC}") = "Unity.Mathematics", "Unity.Mathematics.csproj", "{2F718D1A-FC30-D0EB-C6FA-EB4A6605F93F}"
EndProject
Project("{FAE04EC0-301F-11D3-BF4B-00C04F79EFBC}") = "Unity.2D.Animation.Triangle.Runtime", "Unity.2D.Animation.Triangle.Runtime.csproj", "{0E27821F-3661-0C77-6839-3D35EFB590F7}"
EndProject
Project("{FAE04EC0-301F-11D3-BF4B-00C04F79EFBC}") = "Unity.Timeline", "Unity.Timeline.csproj", "{CB4E28A9-8C5E-517F-99D2-4B891F739FDD}"
EndProject
Project("{FAE04EC0-301F-11D3-BF4B-00C04F79EFBC}") = "UnityEngine.UI", "UnityEngine.UI.csproj", "{70305B8F-0BEC-B884-709E-F931839B90A0}"
EndProject
Project("{FAE04EC0-301F-11D3-BF4B-00C04F79EFBC}") = "Cinemachine", "Cinemachine.csproj", "{B67991AD-DF5D-D789-9E25-DC217BC5691D}"
EndProject
Project("{FAE04EC0-301F-11D3-BF4B-00C04F79EFBC}") = "Unity.TextMeshPro", "Unity.TextMeshPro.csproj", "{933368D2-34D0-2935-41F2-510A9E14302D}"
EndProject
Project("{FAE04EC0-301F-11D3-BF4B-00C04F79EFBC}") = "Unity.2D.Animation.Runtime", "Unity.2D.Animation.Runtime.csproj", "{DB615FD4-DAFB-C8E9-7E99-1DBC1121C46C}"
EndProject
Project("{FAE04EC0-301F-11D3-BF4B-00C04F79EFBC}") = "Unity.2D.IK.Runtime", "Unity.2D.IK.Runtime.csproj", "{A5A2507B-2836-2568-0194-458EE7F3949C}"
EndProject
Project("{FAE04EC0-301F-11D3-BF4B-00C04F79EFBC}") = "Unity.2D.SpriteShape.Runtime", "Unity.2D.SpriteShape.Runtime.csproj", "{75C46A25-23E1-EA4A-FFEC-203D96B89733}"
EndProject
Project("{FAE04EC0-301F-11D3-BF4B-00C04F79EFBC}") = "Assembly-CSharp", "Assembly-CSharp.csproj", "{4B32E28B-69BD-87CC-494C-85744E3507E1}"
EndProject
Project("{FAE04EC0-301F-11D3-BF4B-00C04F79EFBC}") = "Unity.2D.PixelPerfect", "Unity.2D.PixelPerfect.csproj", "{E2402A4E-7D5F-65BA-EE96-EE702579A770}"
EndProject
Project("{FAE04EC0-301F-11D3-BF4B-00C04F79EFBC}") = "Unity.2D.Common.Runtime", "Unity.2D.Common.Runtime.csproj", "{8B38BD4E-011D-4D92-3702-F5D5BA86F7C1}"
EndProject
Project("{FAE04EC0-301F-11D3-BF4B-00C04F79EFBC}") = "Unity.InternalAPIEngineBridge.001", "Unity.InternalAPIEngineBridge.001.csproj", "{3DBE76A8-4FDC-5D8E-24E9-AE5D6171F007}"
EndProject
Project("{FAE04EC0-301F-11D3-BF4B-00C04F79EFBC}") = "UnityEditor.TestRunner", "UnityEditor.TestRunner.csproj", "{0E37BC28-1F85-D832-A327-D57EBFA76B91}"
EndProject
Project("{FAE04EC0-301F-11D3-BF4B-00C04F79EFBC}") = "UnityEditor.UI", "UnityEditor.UI.csproj", "{BB4AF6FD-64EC-EB27-B4D1-A73B26927078}"
EndProject
Project("{FAE04EC0-301F-11D3-BF4B-00C04F79EFBC}") = "Unity.Timeline.Editor", "Unity.Timeline.Editor.csproj", "{6377785E-F15F-2A31-4B70-2A2830BEBCCA}"
EndProject
Project("{FAE04EC0-301F-11D3-BF4B-00C04F79EFBC}") = "Unity.VisualStudio.Editor", "Unity.VisualStudio.Editor.csproj", "{CD31DCBF-B132-DF8D-F484-C9195B76D9A6}"
EndProject
Project("{FAE04EC0-301F-11D3-BF4B-00C04F79EFBC}") = "com.unity.cinemachine.editor", "com.unity.cinemachine.editor.csproj", "{EB59791A-B481-A38D-36F8-8A5CA8A5C4CE}"
EndProject
Project("{FAE04EC0-301F-11D3-BF4B-00C04F79EFBC}") = "Unity.2D.Psdimporter.Editor", "Unity.2D.Psdimporter.Editor.csproj", "{6402B59E-FB59-2B34-793D-4753508A4754}"
EndProject
Project("{FAE04EC0-301F-11D3-BF4B-00C04F79EFBC}") = "Unity.2D.Animation.Editor", "Unity.2D.Animation.Editor.csproj", "{9FCA2F54-B95A-EB93-CF90-3D5AA6E6685F}"
EndProject
Project("{FAE04EC0-301F-11D3-BF4B-00C04F79EFBC}") = "Unity.TextMeshPro.Editor", "Unity.TextMeshPro.Editor.csproj", "{D08C66D7-F3DF-7864-4805-CAFD7F7ACB5F}"
EndProject
Project("{FAE04EC0-301F-11D3-BF4B-00C04F79EFBC}") = "Unity.2D.SpriteShape.Editor", "Unity.2D.SpriteShape.Editor.csproj", "{835FADFF-3808-166F-B0A3-295CD3A876DF}"
EndProject
Project("{FAE04EC0-301F-11D3-BF4B-00C04F79EFBC}") = "Unity.CollabProxy.Editor", "Unity.CollabProxy.Editor.csproj", "{47780AED-04AF-F20E-E589-CE723C43678C}"
EndProject
Project("{FAE04EC0-301F-11D3-BF4B-00C04F79EFBC}") = "PsdPlugin", "PsdPlugin.csproj", "{AFED2CCD-0F35-6940-83B4-C192C7D89C83}"
EndProject
Project("{FAE04EC0-301F-11D3-BF4B-00C04F79EFBC}") = "Unity.2D.Path.Editor", "Unity.2D.Path.Editor.csproj", "{A504F239-CC5A-3A00-320C-BF189EA44130}"
EndProject
Project("{FAE04EC0-301F-11D3-BF4B-00C04F79EFBC}") = "Unity.Rider.Editor", "Unity.Rider.Editor.csproj", "{5E91C146-B620-BF75-FB57-5E780FB3D20F}"
EndProject
Project("{FAE04EC0-301F-11D3-BF4B-00C04F79EFBC}") = "Unity.2D.IK.Editor", "Unity.2D.IK.Editor.csproj", "{07384468-1E88-0C94-CB9D-B58F784979DE}"
EndProject
Project("{FAE04EC0-301F-11D3-BF4B-00C04F79EFBC}") = "Unity.2D.Sprite.Editor", "Unity.2D.Sprite.Editor.csproj", "{C345EE61-92B8-88FF-DC32-C8AF817AA43A}"
EndProject
Project("{FAE04EC0-301F-11D3-BF4B-00C04F79EFBC}") = "Unity.2D.Tilemap.Editor", "Unity.2D.Tilemap.Editor.csproj", "{52219894-56FF-FB71-0393-9825FEB2B748}"
EndProject
Project("{FAE04EC0-301F-11D3-BF4B-00C04F79EFBC}") = "Unity.2D.PixelPerfect.Editor", "Unity.2D.PixelPerfect.Editor.csproj", "{FE0E16A1-B887-0AC6-75B5-7F181200A444}"
EndProject
Project("{FAE04EC0-301F-11D3-BF4B-00C04F79EFBC}") = "Unity.VSCode.Editor", "Unity.VSCode.Editor.csproj", "{07A4BCDB-7B95-C103-2E9F-03B94BC304E8}"
EndProject
Project("{FAE04EC0-301F-11D3-BF4B-00C04F79EFBC}") = "Unity.2D.Common.Editor", "Unity.2D.Common.Editor.csproj", "{000EBBB2-27DD-9031-80CE-9496A3DA2DF4}"
EndProject
Project("{FAE04EC0-301F-11D3-BF4B-00C04F79EFBC}") = "Unity.Mathematics.Editor", "Unity.Mathematics.Editor.csproj", "{C3499FCD-48B6-58A1-0BDD-53E896D4CCF8}"
EndProject
Project("{FAE04EC0-301F-11D3-BF4B-00C04F79EFBC}") = "Unity.InternalAPIEditorBridge.001", "Unity.InternalAPIEditorBridge.001.csproj", "{2A47D827-AC2B-4EF2-9CCB-FE2F27B40EF2}"
EndProject
Project("{FAE04EC0-301F-11D3-BF4B-00C04F79EFBC}") = "UnityEngine.TestRunner.Player", "UnityEngine.TestRunner.Player.csproj", "{3C6E3764-9538-57FA-A392-39134A9EDEC3}"
EndProject
Project("{FAE04EC0-301F-11D3-BF4B-00C04F79EFBC}") = "Unity.Mathematics.Player", "Unity.Mathematics.Player.csproj", "{4BD9BE86-3050-64EE-CD1A-9AE6E7321CC3}"
EndProject
Project("{FAE04EC0-301F-11D3-BF4B-00C04F79EFBC}") = "Unity.2D.Animation.Triangle.Runtime.Player", "Unity.2D.Animation.Triangle.Runtime.Player.csproj", "{9DE5ED41-55B6-5194-862A-94D277383917}"
EndProject
Project("{FAE04EC0-301F-11D3-BF4B-00C04F79EFBC}") = "Unity.Timeline.Player", "Unity.Timeline.Player.csproj", "{4B3FDC84-02D0-13BF-B7F2-7B1F5DBA5D0B}"
EndProject
Project("{FAE04EC0-301F-11D3-BF4B-00C04F79EFBC}") = "UnityEngine.UI.Player", "UnityEngine.UI.Player.csproj", "{D2D1E98C-0975-4215-0894-C33BB213DEE6}"
EndProject
Project("{FAE04EC0-301F-11D3-BF4B-00C04F79EFBC}") = "Cinemachine.Player", "Cinemachine.Player.csproj", "{6538A8E6-1B1B-0AD7-47B8-7DC57F164728}"
EndProject
Project("{FAE04EC0-301F-11D3-BF4B-00C04F79EFBC}") = "Unity.TextMeshPro.Player", "Unity.TextMeshPro.Player.csproj", "{B3668C2B-E530-57C0-0643-DEAD53FA5913}"
EndProject
Project("{FAE04EC0-301F-11D3-BF4B-00C04F79EFBC}") = "Unity.2D.Animation.Runtime.Player", "Unity.2D.Animation.Runtime.Player.csproj", "{3D2F2E26-3312-B751-D381-5BCF0189F94B}"
EndProject
Project("{FAE04EC0-301F-11D3-BF4B-00C04F79EFBC}") = "Unity.2D.IK.Runtime.Player", "Unity.2D.IK.Runtime.Player.csproj", "{CEB75026-92ED-E574-AF98-FC575FE9508A}"
EndProject
Project("{FAE04EC0-301F-11D3-BF4B-00C04F79EFBC}") = "Unity.2D.SpriteShape.Runtime.Player", "Unity.2D.SpriteShape.Runtime.Player.csproj", "{639487FD-A520-1804-7759-BF477AE62792}"
EndProject
Project("{FAE04EC0-301F-11D3-BF4B-00C04F79EFBC}") = "Assembly-CSharp.Player", "Assembly-CSharp.Player.csproj", "{F95360CE-4902-6C78-D4AB-659AAC1456F8}"
EndProject
Project("{FAE04EC0-301F-11D3-BF4B-00C04F79EFBC}") = "Unity.2D.PixelPerfect.Player", "Unity.2D.PixelPerfect.Player.csproj", "{D1132DAB-76F1-C178-CA83-AB6B8B6C1318}"
EndProject
Project("{FAE04EC0-301F-11D3-BF4B-00C04F79EFBC}") = "Unity.2D.Common.Runtime.Player", "Unity.2D.Common.Runtime.Player.csproj", "{C51B4533-CFCE-7AD1-6788-6DEF7DB6CFE8}"
EndProject
Project("{FAE04EC0-301F-11D3-BF4B-00C04F79EFBC}") = "Unity.InternalAPIEngineBridge.001.Player", "Unity.InternalAPIEngineBridge.001.Player.csproj", "{5FE39904-FB60-E854-C583-B69A1229EB47}"
EndProject
Global
	GlobalSection(SolutionConfigurationPlatforms) = preSolution
		Debug|Any CPU = Debug|Any CPU
		Release|Any CPU = Release|Any CPU
	EndGlobalSection
	GlobalSection(ProjectConfigurationPlatforms) = postSolution
		{3B2655CF-7FE2-0FCB-F224-ADA4B8AC0902}.Debug|Any CPU.ActiveCfg = Debug|Any CPU
		{3B2655CF-7FE2-0FCB-F224-ADA4B8AC0902}.Debug|Any CPU.Build.0 = Debug|Any CPU
		{3B2655CF-7FE2-0FCB-F224-ADA4B8AC0902}.Release|Any CPU.ActiveCfg = Release|Any CPU
		{3B2655CF-7FE2-0FCB-F224-ADA4B8AC0902}.Release|Any CPU.Build.0 = Release|Any CPU
		{2F718D1A-FC30-D0EB-C6FA-EB4A6605F93F}.Debug|Any CPU.ActiveCfg = Debug|Any CPU
		{2F718D1A-FC30-D0EB-C6FA-EB4A6605F93F}.Debug|Any CPU.Build.0 = Debug|Any CPU
		{2F718D1A-FC30-D0EB-C6FA-EB4A6605F93F}.Release|Any CPU.ActiveCfg = Release|Any CPU
		{2F718D1A-FC30-D0EB-C6FA-EB4A6605F93F}.Release|Any CPU.Build.0 = Release|Any CPU
		{0E27821F-3661-0C77-6839-3D35EFB590F7}.Debug|Any CPU.ActiveCfg = Debug|Any CPU
		{0E27821F-3661-0C77-6839-3D35EFB590F7}.Debug|Any CPU.Build.0 = Debug|Any CPU
		{0E27821F-3661-0C77-6839-3D35EFB590F7}.Release|Any CPU.ActiveCfg = Release|Any CPU
		{0E27821F-3661-0C77-6839-3D35EFB590F7}.Release|Any CPU.Build.0 = Release|Any CPU
		{CB4E28A9-8C5E-517F-99D2-4B891F739FDD}.Debug|Any CPU.ActiveCfg = Debug|Any CPU
		{CB4E28A9-8C5E-517F-99D2-4B891F739FDD}.Debug|Any CPU.Build.0 = Debug|Any CPU
		{CB4E28A9-8C5E-517F-99D2-4B891F739FDD}.Release|Any CPU.ActiveCfg = Release|Any CPU
		{CB4E28A9-8C5E-517F-99D2-4B891F739FDD}.Release|Any CPU.Build.0 = Release|Any CPU
		{70305B8F-0BEC-B884-709E-F931839B90A0}.Debug|Any CPU.ActiveCfg = Debug|Any CPU
		{70305B8F-0BEC-B884-709E-F931839B90A0}.Debug|Any CPU.Build.0 = Debug|Any CPU
		{70305B8F-0BEC-B884-709E-F931839B90A0}.Release|Any CPU.ActiveCfg = Release|Any CPU
		{70305B8F-0BEC-B884-709E-F931839B90A0}.Release|Any CPU.Build.0 = Release|Any CPU
		{B67991AD-DF5D-D789-9E25-DC217BC5691D}.Debug|Any CPU.ActiveCfg = Debug|Any CPU
		{B67991AD-DF5D-D789-9E25-DC217BC5691D}.Debug|Any CPU.Build.0 = Debug|Any CPU
		{B67991AD-DF5D-D789-9E25-DC217BC5691D}.Release|Any CPU.ActiveCfg = Release|Any CPU
		{B67991AD-DF5D-D789-9E25-DC217BC5691D}.Release|Any CPU.Build.0 = Release|Any CPU
		{933368D2-34D0-2935-41F2-510A9E14302D}.Debug|Any CPU.ActiveCfg = Debug|Any CPU
		{933368D2-34D0-2935-41F2-510A9E14302D}.Debug|Any CPU.Build.0 = Debug|Any CPU
		{933368D2-34D0-2935-41F2-510A9E14302D}.Release|Any CPU.ActiveCfg = Release|Any CPU
		{933368D2-34D0-2935-41F2-510A9E14302D}.Release|Any CPU.Build.0 = Release|Any CPU
		{DB615FD4-DAFB-C8E9-7E99-1DBC1121C46C}.Debug|Any CPU.ActiveCfg = Debug|Any CPU
		{DB615FD4-DAFB-C8E9-7E99-1DBC1121C46C}.Debug|Any CPU.Build.0 = Debug|Any CPU
		{DB615FD4-DAFB-C8E9-7E99-1DBC1121C46C}.Release|Any CPU.ActiveCfg = Release|Any CPU
		{DB615FD4-DAFB-C8E9-7E99-1DBC1121C46C}.Release|Any CPU.Build.0 = Release|Any CPU
		{A5A2507B-2836-2568-0194-458EE7F3949C}.Debug|Any CPU.ActiveCfg = Debug|Any CPU
		{A5A2507B-2836-2568-0194-458EE7F3949C}.Debug|Any CPU.Build.0 = Debug|Any CPU
		{A5A2507B-2836-2568-0194-458EE7F3949C}.Release|Any CPU.ActiveCfg = Release|Any CPU
		{A5A2507B-2836-2568-0194-458EE7F3949C}.Release|Any CPU.Build.0 = Release|Any CPU
		{75C46A25-23E1-EA4A-FFEC-203D96B89733}.Debug|Any CPU.ActiveCfg = Debug|Any CPU
		{75C46A25-23E1-EA4A-FFEC-203D96B89733}.Debug|Any CPU.Build.0 = Debug|Any CPU
		{75C46A25-23E1-EA4A-FFEC-203D96B89733}.Release|Any CPU.ActiveCfg = Release|Any CPU
		{75C46A25-23E1-EA4A-FFEC-203D96B89733}.Release|Any CPU.Build.0 = Release|Any CPU
		{4B32E28B-69BD-87CC-494C-85744E3507E1}.Debug|Any CPU.ActiveCfg = Debug|Any CPU
		{4B32E28B-69BD-87CC-494C-85744E3507E1}.Debug|Any CPU.Build.0 = Debug|Any CPU
		{4B32E28B-69BD-87CC-494C-85744E3507E1}.Release|Any CPU.ActiveCfg = Release|Any CPU
		{4B32E28B-69BD-87CC-494C-85744E3507E1}.Release|Any CPU.Build.0 = Release|Any CPU
		{E2402A4E-7D5F-65BA-EE96-EE702579A770}.Debug|Any CPU.ActiveCfg = Debug|Any CPU
		{E2402A4E-7D5F-65BA-EE96-EE702579A770}.Debug|Any CPU.Build.0 = Debug|Any CPU
		{E2402A4E-7D5F-65BA-EE96-EE702579A770}.Release|Any CPU.ActiveCfg = Release|Any CPU
		{E2402A4E-7D5F-65BA-EE96-EE702579A770}.Release|Any CPU.Build.0 = Release|Any CPU
		{8B38BD4E-011D-4D92-3702-F5D5BA86F7C1}.Debug|Any CPU.ActiveCfg = Debug|Any CPU
		{8B38BD4E-011D-4D92-3702-F5D5BA86F7C1}.Debug|Any CPU.Build.0 = Debug|Any CPU
		{8B38BD4E-011D-4D92-3702-F5D5BA86F7C1}.Release|Any CPU.ActiveCfg = Release|Any CPU
		{8B38BD4E-011D-4D92-3702-F5D5BA86F7C1}.Release|Any CPU.Build.0 = Release|Any CPU
		{3DBE76A8-4FDC-5D8E-24E9-AE5D6171F007}.Debug|Any CPU.ActiveCfg = Debug|Any CPU
		{3DBE76A8-4FDC-5D8E-24E9-AE5D6171F007}.Debug|Any CPU.Build.0 = Debug|Any CPU
		{3DBE76A8-4FDC-5D8E-24E9-AE5D6171F007}.Release|Any CPU.ActiveCfg = Release|Any CPU
		{3DBE76A8-4FDC-5D8E-24E9-AE5D6171F007}.Release|Any CPU.Build.0 = Release|Any CPU
		{0E37BC28-1F85-D832-A327-D57EBFA76B91}.Debug|Any CPU.ActiveCfg = Debug|Any CPU
		{0E37BC28-1F85-D832-A327-D57EBFA76B91}.Debug|Any CPU.Build.0 = Debug|Any CPU
		{0E37BC28-1F85-D832-A327-D57EBFA76B91}.Release|Any CPU.ActiveCfg = Release|Any CPU
		{0E37BC28-1F85-D832-A327-D57EBFA76B91}.Release|Any CPU.Build.0 = Release|Any CPU
		{BB4AF6FD-64EC-EB27-B4D1-A73B26927078}.Debug|Any CPU.ActiveCfg = Debug|Any CPU
		{BB4AF6FD-64EC-EB27-B4D1-A73B26927078}.Debug|Any CPU.Build.0 = Debug|Any CPU
		{BB4AF6FD-64EC-EB27-B4D1-A73B26927078}.Release|Any CPU.ActiveCfg = Release|Any CPU
		{BB4AF6FD-64EC-EB27-B4D1-A73B26927078}.Release|Any CPU.Build.0 = Release|Any CPU
		{6377785E-F15F-2A31-4B70-2A2830BEBCCA}.Debug|Any CPU.ActiveCfg = Debug|Any CPU
		{6377785E-F15F-2A31-4B70-2A2830BEBCCA}.Debug|Any CPU.Build.0 = Debug|Any CPU
		{6377785E-F15F-2A31-4B70-2A2830BEBCCA}.Release|Any CPU.ActiveCfg = Release|Any CPU
		{6377785E-F15F-2A31-4B70-2A2830BEBCCA}.Release|Any CPU.Build.0 = Release|Any CPU
		{CD31DCBF-B132-DF8D-F484-C9195B76D9A6}.Debug|Any CPU.ActiveCfg = Debug|Any CPU
		{CD31DCBF-B132-DF8D-F484-C9195B76D9A6}.Debug|Any CPU.Build.0 = Debug|Any CPU
		{CD31DCBF-B132-DF8D-F484-C9195B76D9A6}.Release|Any CPU.ActiveCfg = Release|Any CPU
		{CD31DCBF-B132-DF8D-F484-C9195B76D9A6}.Release|Any CPU.Build.0 = Release|Any CPU
		{EB59791A-B481-A38D-36F8-8A5CA8A5C4CE}.Debug|Any CPU.ActiveCfg = Debug|Any CPU
		{EB59791A-B481-A38D-36F8-8A5CA8A5C4CE}.Debug|Any CPU.Build.0 = Debug|Any CPU
		{EB59791A-B481-A38D-36F8-8A5CA8A5C4CE}.Release|Any CPU.ActiveCfg = Release|Any CPU
		{EB59791A-B481-A38D-36F8-8A5CA8A5C4CE}.Release|Any CPU.Build.0 = Release|Any CPU
		{6402B59E-FB59-2B34-793D-4753508A4754}.Debug|Any CPU.ActiveCfg = Debug|Any CPU
		{6402B59E-FB59-2B34-793D-4753508A4754}.Debug|Any CPU.Build.0 = Debug|Any CPU
		{6402B59E-FB59-2B34-793D-4753508A4754}.Release|Any CPU.ActiveCfg = Release|Any CPU
		{6402B59E-FB59-2B34-793D-4753508A4754}.Release|Any CPU.Build.0 = Release|Any CPU
		{9FCA2F54-B95A-EB93-CF90-3D5AA6E6685F}.Debug|Any CPU.ActiveCfg = Debug|Any CPU
		{9FCA2F54-B95A-EB93-CF90-3D5AA6E6685F}.Debug|Any CPU.Build.0 = Debug|Any CPU
		{9FCA2F54-B95A-EB93-CF90-3D5AA6E6685F}.Release|Any CPU.ActiveCfg = Release|Any CPU
		{9FCA2F54-B95A-EB93-CF90-3D5AA6E6685F}.Release|Any CPU.Build.0 = Release|Any CPU
		{D08C66D7-F3DF-7864-4805-CAFD7F7ACB5F}.Debug|Any CPU.ActiveCfg = Debug|Any CPU
		{D08C66D7-F3DF-7864-4805-CAFD7F7ACB5F}.Debug|Any CPU.Build.0 = Debug|Any CPU
		{D08C66D7-F3DF-7864-4805-CAFD7F7ACB5F}.Release|Any CPU.ActiveCfg = Release|Any CPU
		{D08C66D7-F3DF-7864-4805-CAFD7F7ACB5F}.Release|Any CPU.Build.0 = Release|Any CPU
		{835FADFF-3808-166F-B0A3-295CD3A876DF}.Debug|Any CPU.ActiveCfg = Debug|Any CPU
		{835FADFF-3808-166F-B0A3-295CD3A876DF}.Debug|Any CPU.Build.0 = Debug|Any CPU
		{835FADFF-3808-166F-B0A3-295CD3A876DF}.Release|Any CPU.ActiveCfg = Release|Any CPU
		{835FADFF-3808-166F-B0A3-295CD3A876DF}.Release|Any CPU.Build.0 = Release|Any CPU
		{47780AED-04AF-F20E-E589-CE723C43678C}.Debug|Any CPU.ActiveCfg = Debug|Any CPU
		{47780AED-04AF-F20E-E589-CE723C43678C}.Debug|Any CPU.Build.0 = Debug|Any CPU
		{47780AED-04AF-F20E-E589-CE723C43678C}.Release|Any CPU.ActiveCfg = Release|Any CPU
		{47780AED-04AF-F20E-E589-CE723C43678C}.Release|Any CPU.Build.0 = Release|Any CPU
		{AFED2CCD-0F35-6940-83B4-C192C7D89C83}.Debug|Any CPU.ActiveCfg = Debug|Any CPU
		{AFED2CCD-0F35-6940-83B4-C192C7D89C83}.Debug|Any CPU.Build.0 = Debug|Any CPU
		{AFED2CCD-0F35-6940-83B4-C192C7D89C83}.Release|Any CPU.ActiveCfg = Release|Any CPU
		{AFED2CCD-0F35-6940-83B4-C192C7D89C83}.Release|Any CPU.Build.0 = Release|Any CPU
		{A504F239-CC5A-3A00-320C-BF189EA44130}.Debug|Any CPU.ActiveCfg = Debug|Any CPU
		{A504F239-CC5A-3A00-320C-BF189EA44130}.Debug|Any CPU.Build.0 = Debug|Any CPU
		{A504F239-CC5A-3A00-320C-BF189EA44130}.Release|Any CPU.ActiveCfg = Release|Any CPU
		{A504F239-CC5A-3A00-320C-BF189EA44130}.Release|Any CPU.Build.0 = Release|Any CPU
		{5E91C146-B620-BF75-FB57-5E780FB3D20F}.Debug|Any CPU.ActiveCfg = Debug|Any CPU
		{5E91C146-B620-BF75-FB57-5E780FB3D20F}.Debug|Any CPU.Build.0 = Debug|Any CPU
		{5E91C146-B620-BF75-FB57-5E780FB3D20F}.Release|Any CPU.ActiveCfg = Release|Any CPU
		{5E91C146-B620-BF75-FB57-5E780FB3D20F}.Release|Any CPU.Build.0 = Release|Any CPU
		{07384468-1E88-0C94-CB9D-B58F784979DE}.Debug|Any CPU.ActiveCfg = Debug|Any CPU
		{07384468-1E88-0C94-CB9D-B58F784979DE}.Debug|Any CPU.Build.0 = Debug|Any CPU
		{07384468-1E88-0C94-CB9D-B58F784979DE}.Release|Any CPU.ActiveCfg = Release|Any CPU
		{07384468-1E88-0C94-CB9D-B58F784979DE}.Release|Any CPU.Build.0 = Release|Any CPU
		{C345EE61-92B8-88FF-DC32-C8AF817AA43A}.Debug|Any CPU.ActiveCfg = Debug|Any CPU
		{C345EE61-92B8-88FF-DC32-C8AF817AA43A}.Debug|Any CPU.Build.0 = Debug|Any CPU
		{C345EE61-92B8-88FF-DC32-C8AF817AA43A}.Release|Any CPU.ActiveCfg = Release|Any CPU
		{C345EE61-92B8-88FF-DC32-C8AF817AA43A}.Release|Any CPU.Build.0 = Release|Any CPU
		{52219894-56FF-FB71-0393-9825FEB2B748}.Debug|Any CPU.ActiveCfg = Debug|Any CPU
		{52219894-56FF-FB71-0393-9825FEB2B748}.Debug|Any CPU.Build.0 = Debug|Any CPU
		{52219894-56FF-FB71-0393-9825FEB2B748}.Release|Any CPU.ActiveCfg = Release|Any CPU
		{52219894-56FF-FB71-0393-9825FEB2B748}.Release|Any CPU.Build.0 = Release|Any CPU
		{FE0E16A1-B887-0AC6-75B5-7F181200A444}.Debug|Any CPU.ActiveCfg = Debug|Any CPU
		{FE0E16A1-B887-0AC6-75B5-7F181200A444}.Debug|Any CPU.Build.0 = Debug|Any CPU
		{FE0E16A1-B887-0AC6-75B5-7F181200A444}.Release|Any CPU.ActiveCfg = Release|Any CPU
		{FE0E16A1-B887-0AC6-75B5-7F181200A444}.Release|Any CPU.Build.0 = Release|Any CPU
		{07A4BCDB-7B95-C103-2E9F-03B94BC304E8}.Debug|Any CPU.ActiveCfg = Debug|Any CPU
		{07A4BCDB-7B95-C103-2E9F-03B94BC304E8}.Debug|Any CPU.Build.0 = Debug|Any CPU
		{07A4BCDB-7B95-C103-2E9F-03B94BC304E8}.Release|Any CPU.ActiveCfg = Release|Any CPU
		{07A4BCDB-7B95-C103-2E9F-03B94BC304E8}.Release|Any CPU.Build.0 = Release|Any CPU
		{000EBBB2-27DD-9031-80CE-9496A3DA2DF4}.Debug|Any CPU.ActiveCfg = Debug|Any CPU
		{000EBBB2-27DD-9031-80CE-9496A3DA2DF4}.Debug|Any CPU.Build.0 = Debug|Any CPU
		{000EBBB2-27DD-9031-80CE-9496A3DA2DF4}.Release|Any CPU.ActiveCfg = Release|Any CPU
		{000EBBB2-27DD-9031-80CE-9496A3DA2DF4}.Release|Any CPU.Build.0 = Release|Any CPU
		{C3499FCD-48B6-58A1-0BDD-53E896D4CCF8}.Debug|Any CPU.ActiveCfg = Debug|Any CPU
		{C3499FCD-48B6-58A1-0BDD-53E896D4CCF8}.Debug|Any CPU.Build.0 = Debug|Any CPU
		{C3499FCD-48B6-58A1-0BDD-53E896D4CCF8}.Release|Any CPU.ActiveCfg = Release|Any CPU
		{C3499FCD-48B6-58A1-0BDD-53E896D4CCF8}.Release|Any CPU.Build.0 = Release|Any CPU
		{2A47D827-AC2B-4EF2-9CCB-FE2F27B40EF2}.Debug|Any CPU.ActiveCfg = Debug|Any CPU
		{2A47D827-AC2B-4EF2-9CCB-FE2F27B40EF2}.Debug|Any CPU.Build.0 = Debug|Any CPU
		{2A47D827-AC2B-4EF2-9CCB-FE2F27B40EF2}.Release|Any CPU.ActiveCfg = Release|Any CPU
		{2A47D827-AC2B-4EF2-9CCB-FE2F27B40EF2}.Release|Any CPU.Build.0 = Release|Any CPU
		{3C6E3764-9538-57FA-A392-39134A9EDEC3}.Debug|Any CPU.ActiveCfg = Debug|Any CPU
		{3C6E3764-9538-57FA-A392-39134A9EDEC3}.Debug|Any CPU.Build.0 = Debug|Any CPU
		{3C6E3764-9538-57FA-A392-39134A9EDEC3}.Release|Any CPU.ActiveCfg = Release|Any CPU
		{3C6E3764-9538-57FA-A392-39134A9EDEC3}.Release|Any CPU.Build.0 = Release|Any CPU
		{4BD9BE86-3050-64EE-CD1A-9AE6E7321CC3}.Debug|Any CPU.ActiveCfg = Debug|Any CPU
		{4BD9BE86-3050-64EE-CD1A-9AE6E7321CC3}.Debug|Any CPU.Build.0 = Debug|Any CPU
		{4BD9BE86-3050-64EE-CD1A-9AE6E7321CC3}.Release|Any CPU.ActiveCfg = Release|Any CPU
		{4BD9BE86-3050-64EE-CD1A-9AE6E7321CC3}.Release|Any CPU.Build.0 = Release|Any CPU
		{9DE5ED41-55B6-5194-862A-94D277383917}.Debug|Any CPU.ActiveCfg = Debug|Any CPU
		{9DE5ED41-55B6-5194-862A-94D277383917}.Debug|Any CPU.Build.0 = Debug|Any CPU
		{9DE5ED41-55B6-5194-862A-94D277383917}.Release|Any CPU.ActiveCfg = Release|Any CPU
		{9DE5ED41-55B6-5194-862A-94D277383917}.Release|Any CPU.Build.0 = Release|Any CPU
		{4B3FDC84-02D0-13BF-B7F2-7B1F5DBA5D0B}.Debug|Any CPU.ActiveCfg = Debug|Any CPU
		{4B3FDC84-02D0-13BF-B7F2-7B1F5DBA5D0B}.Debug|Any CPU.Build.0 = Debug|Any CPU
		{4B3FDC84-02D0-13BF-B7F2-7B1F5DBA5D0B}.Release|Any CPU.ActiveCfg = Release|Any CPU
		{4B3FDC84-02D0-13BF-B7F2-7B1F5DBA5D0B}.Release|Any CPU.Build.0 = Release|Any CPU
		{D2D1E98C-0975-4215-0894-C33BB213DEE6}.Debug|Any CPU.ActiveCfg = Debug|Any CPU
		{D2D1E98C-0975-4215-0894-C33BB213DEE6}.Debug|Any CPU.Build.0 = Debug|Any CPU
		{D2D1E98C-0975-4215-0894-C33BB213DEE6}.Release|Any CPU.ActiveCfg = Release|Any CPU
		{D2D1E98C-0975-4215-0894-C33BB213DEE6}.Release|Any CPU.Build.0 = Release|Any CPU
		{6538A8E6-1B1B-0AD7-47B8-7DC57F164728}.Debug|Any CPU.ActiveCfg = Debug|Any CPU
		{6538A8E6-1B1B-0AD7-47B8-7DC57F164728}.Debug|Any CPU.Build.0 = Debug|Any CPU
		{6538A8E6-1B1B-0AD7-47B8-7DC57F164728}.Release|Any CPU.ActiveCfg = Release|Any CPU
		{6538A8E6-1B1B-0AD7-47B8-7DC57F164728}.Release|Any CPU.Build.0 = Release|Any CPU
		{B3668C2B-E530-57C0-0643-DEAD53FA5913}.Debug|Any CPU.ActiveCfg = Debug|Any CPU
		{B3668C2B-E530-57C0-0643-DEAD53FA5913}.Debug|Any CPU.Build.0 = Debug|Any CPU
		{B3668C2B-E530-57C0-0643-DEAD53FA5913}.Release|Any CPU.ActiveCfg = Release|Any CPU
		{B3668C2B-E530-57C0-0643-DEAD53FA5913}.Release|Any CPU.Build.0 = Release|Any CPU
		{3D2F2E26-3312-B751-D381-5BCF0189F94B}.Debug|Any CPU.ActiveCfg = Debug|Any CPU
		{3D2F2E26-3312-B751-D381-5BCF0189F94B}.Debug|Any CPU.Build.0 = Debug|Any CPU
		{3D2F2E26-3312-B751-D381-5BCF0189F94B}.Release|Any CPU.ActiveCfg = Release|Any CPU
		{3D2F2E26-3312-B751-D381-5BCF0189F94B}.Release|Any CPU.Build.0 = Release|Any CPU
		{CEB75026-92ED-E574-AF98-FC575FE9508A}.Debug|Any CPU.ActiveCfg = Debug|Any CPU
		{CEB75026-92ED-E574-AF98-FC575FE9508A}.Debug|Any CPU.Build.0 = Debug|Any CPU
		{CEB75026-92ED-E574-AF98-FC575FE9508A}.Release|Any CPU.ActiveCfg = Release|Any CPU
		{CEB75026-92ED-E574-AF98-FC575FE9508A}.Release|Any CPU.Build.0 = Release|Any CPU
		{639487FD-A520-1804-7759-BF477AE62792}.Debug|Any CPU.ActiveCfg = Debug|Any CPU
		{639487FD-A520-1804-7759-BF477AE62792}.Debug|Any CPU.Build.0 = Debug|Any CPU
		{639487FD-A520-1804-7759-BF477AE62792}.Release|Any CPU.ActiveCfg = Release|Any CPU
		{639487FD-A520-1804-7759-BF477AE62792}.Release|Any CPU.Build.0 = Release|Any CPU
		{F95360CE-4902-6C78-D4AB-659AAC1456F8}.Debug|Any CPU.ActiveCfg = Debug|Any CPU
		{F95360CE-4902-6C78-D4AB-659AAC1456F8}.Debug|Any CPU.Build.0 = Debug|Any CPU
		{F95360CE-4902-6C78-D4AB-659AAC1456F8}.Release|Any CPU.ActiveCfg = Release|Any CPU
		{F95360CE-4902-6C78-D4AB-659AAC1456F8}.Release|Any CPU.Build.0 = Release|Any CPU
		{D1132DAB-76F1-C178-CA83-AB6B8B6C1318}.Debug|Any CPU.ActiveCfg = Debug|Any CPU
		{D1132DAB-76F1-C178-CA83-AB6B8B6C1318}.Debug|Any CPU.Build.0 = Debug|Any CPU
		{D1132DAB-76F1-C178-CA83-AB6B8B6C1318}.Release|Any CPU.ActiveCfg = Release|Any CPU
		{D1132DAB-76F1-C178-CA83-AB6B8B6C1318}.Release|Any CPU.Build.0 = Release|Any CPU
		{C51B4533-CFCE-7AD1-6788-6DEF7DB6CFE8}.Debug|Any CPU.ActiveCfg = Debug|Any CPU
		{C51B4533-CFCE-7AD1-6788-6DEF7DB6CFE8}.Debug|Any CPU.Build.0 = Debug|Any CPU
		{C51B4533-CFCE-7AD1-6788-6DEF7DB6CFE8}.Release|Any CPU.ActiveCfg = Release|Any CPU
		{C51B4533-CFCE-7AD1-6788-6DEF7DB6CFE8}.Release|Any CPU.Build.0 = Release|Any CPU
		{5FE39904-FB60-E854-C583-B69A1229EB47}.Debug|Any CPU.ActiveCfg = Debug|Any CPU
		{5FE39904-FB60-E854-C583-B69A1229EB47}.Debug|Any CPU.Build.0 = Debug|Any CPU
		{5FE39904-FB60-E854-C583-B69A1229EB47}.Release|Any CPU.ActiveCfg = Release|Any CPU
		{5FE39904-FB60-E854-C583-B69A1229EB47}.Release|Any CPU.Build.0 = Release|Any CPU
	EndGlobalSection
	GlobalSection(SolutionProperties) = preSolution
		HideSolutionNode = FALSE
	EndGlobalSection
	GlobalSection(ExtensibilityGlobals) = postSolution
		SolutionGuid = {0C175351-CB05-41D0-8206-3D2521540056}
	EndGlobalSection
EndGlobal
